{
  "name": "alloy-filesystem-tree-example",
  "version": "1.0.0",
  "lockfileVersion": 3,
  "requires": true,
  "packages": {
    "": {
      "name": "alloy-filesystem-tree-example",
      "version": "1.0.0",
      "dependencies": {
        "alloy-lang": "file:../.."
      }
    },
    "../..": {
      "name": "alloy-lang",
      "version": "6.2.0-17",
      "license": "MIT",
      "dependencies": {
        "command-exists-promise": "^2.0.2",
        "node-fetch": "2.6.7",
        "shelljs": "^0.8.4",
        "tar": "^4.4.8",
        "tmp": "^0.2.3",
        "yauzl": "^2.10.0"
      },
      "bin": {
        "alloy-lang": "jdeploy-bundle/jdeploy.js"
      }
    },
    "node_modules/alloy-lang": {
      "resolved": "../..",
      "link": true
    }
  }
}
